<?xml version="1.0" encoding="utf-8"?>
<Project ToolsVersion="4.0" xmlns="http://schemas.microsoft.com/developer/msbuild/2003">
  <ItemGroup>
    <Filter Include="源文件">
      <UniqueIdentifier>{4FC737F1-C7A5-4376-A066-2A32D752A2FF}</UniqueIdentifier>
      <Extensions>cpp;c;cc;cxx;def;odl;idl;hpj;bat;asm;asmx</Extensions>
    </Filter>
    <Filter Include="头文件">
      <UniqueIdentifier>{93995380-89BD-4b04-88EB-625FBE52EBFB}</UniqueIdentifier>
      <Extensions>h;hh;hpp;hxx;hm;inl;inc;xsd</Extensions>
    </Filter>
    <Filter Include="资源文件">
      <UniqueIdentifier>{67DA6AB6-F800-4c08-8B7A-83BB121AAD01}</UniqueIdentifier>
      <Extensions>rc;ico;cur;bmp;dlg;rc2;rct;bin;rgs;gif;jpg;jpeg;jpe;resx;tiff;tif;png;wav;mfcribbon-ms</Extensions>
    </Filter>
  </ItemGroup>
  <ItemGroup>
    <Text Include="ReadMe.txt" />
  </ItemGroup>
  <ItemGroup>
    <ClInclude Include="stdafx.h">
      <Filter>头文件</Filter>
    </ClInclude>
    <ClInclude Include="targetver.h">
      <Filter>头文件</Filter>
    </ClInclude>
    <ClInclude Include="Resource.h">
      <Filter>头文件</Filter>
    </ClInclude>
    <ClInclude Include="桌面智能贪吃蛇动态壁纸.h">
      <Filter>头文件</Filter>
    </ClInclude>
    <ClInclude Include="Snack.h">
      <Filter>头文件</Filter>
    </ClInclude>
    <ClInclude Include="VideoWallpaperHelper.h">
      <Filter>头文件</Filter>
    </ClInclude>
    <ClInclude Include="WinBatchDraw.h">
      <Filter>头文件</Filter>
    </ClInclude>
    <ClInclude Include="ScatteringLight.h">
      <Filter>头文件</Filter>
    </ClInclude>
    <ClInclude Include="RaiseChar.h">
      <Filter>头文件</Filter>
    </ClInclude>
    <ClInclude Include="TraceMouseStar.h">
      <Filter>头文件</Filter>
    </ClInclude>
    <ClInclude Include="StarVortex.h">
      <Filter>头文件</Filter>
    </ClInclude>
    <ClInclude Include="MeteorShower.h">
      <Filter>头文件</Filter>
    </ClInclude>
    <ClInclude Include="IntelligentNetwork.h">
      <Filter>头文件</Filter>
    </ClInclude>
    <ClInclude Include="Game2048.h">
      <Filter>头文件</Filter>
    </ClInclude>
    <ClInclude Include="SysListViewHelp.h">
      <Filter>头文件</Filter>
    </ClInclude>
    <ClInclude Include="graphics\GData.h">
      <Filter>头文件</Filter>
    </ClInclude>
    <ClInclude Include="graphics\GProjection.h">
      <Filter>头文件</Filter>
    </ClInclude>
    <ClInclude Include="graphics\GStereo.h">
      <Filter>头文件</Filter>
    </ClInclude>
    <ClInclude Include="graphics\GVary.h">
      <Filter>头文件</Filter>
    </ClInclude>
    <ClInclude Include="D3EmitBall.h">
      <Filter>头文件</Filter>
    </ClInclude>
    <ClInclude Include="graphics\GTranglelized.h">
      <Filter>头文件</Filter>
    </ClInclude>
  </ItemGroup>
  <ItemGroup>
    <ClCompile Include="stdafx.cpp">
      <Filter>源文件</Filter>
    </ClCompile>
    <ClCompile Include="桌面智能贪吃蛇动态壁纸.cpp">
      <Filter>源文件</Filter>
    </ClCompile>
    <ClCompile Include="Snack.cpp">
      <Filter>源文件</Filter>
    </ClCompile>
    <ClCompile Include="VideoWallpaperHelper.cpp">
      <Filter>源文件</Filter>
    </ClCompile>
    <ClCompile Include="WinBatchDraw.cpp">
      <Filter>源文件</Filter>
    </ClCompile>
    <ClCompile Include="ScatteringLight.cpp">
      <Filter>源文件</Filter>
    </ClCompile>
    <ClCompile Include="RaiseChar.cpp">
      <Filter>源文件</Filter>
    </ClCompile>
    <ClCompile Include="TraceMouseStar.cpp">
      <Filter>源文件</Filter>
    </ClCompile>
    <ClCompile Include="StarVortex.cpp">
      <Filter>源文件</Filter>
    </ClCompile>
    <ClCompile Include="MeteorShower.cpp">
      <Filter>源文件</Filter>
    </ClCompile>
    <ClCompile Include="IntelligentNetwork.cpp">
      <Filter>源文件</Filter>
    </ClCompile>
    <ClCompile Include="Game2048.cpp">
      <Filter>源文件</Filter>
    </ClCompile>
    <ClCompile Include="SysListViewHelp.cpp">
      <Filter>源文件</Filter>
    </ClCompile>
    <ClCompile Include="graphics\GData.cpp">
      <Filter>源文件</Filter>
    </ClCompile>
    <ClCompile Include="graphics\GProjection.cpp">
      <Filter>源文件</Filter>
    </ClCompile>
    <ClCompile Include="graphics\GStereo.cpp">
      <Filter>源文件</Filter>
    </ClCompile>
    <ClCompile Include="graphics\GVary.cpp">
      <Filter>源文件</Filter>
    </ClCompile>
    <ClCompile Include="D3EmitBall.cpp">
      <Filter>源文件</Filter>
    </ClCompile>
    <ClCompile Include="graphics\GTranglelized.cpp">
      <Filter>源文件</Filter>
    </ClCompile>
  </ItemGroup>
  <ItemGroup>
    <ResourceCompile Include="桌面智能贪吃蛇动态壁纸.rc">
      <Filter>资源文件</Filter>
    </ResourceCompile>
  </ItemGroup>
  <ItemGroup>
    <Image Include="small.ico">
      <Filter>资源文件</Filter>
    </Image>
    <Image Include="桌面智能贪吃蛇动态壁纸.ico">
      <Filter>资源文件</Filter>
    </Image>
  </ItemGroup>
</Project>