
Microsoft Visual Studio Solution File, Format Version 12.00
# Visual Studio 2013
VisualStudioVersion = 12.0.21005.1
MinimumVisualStudioVersion = 10.0.40219.1
Project("{8BC9CEB8-8B4A-11D0-8D11-00A0C91BC942}") = "10-菜单响应路由", "10-菜单响应路由\10-菜单响应路由.vcxproj", "{F329688A-BED9-4258-B690-4B420587C408}"
EndProject
Global
	GlobalSection(SolutionConfigurationPlatforms) = preSolution
		Debug|Win32 = Debug|Win32
		Release|Win32 = Release|Win32
	EndGlobalSection
	GlobalSection(ProjectConfigurationPlatforms) = postSolution
		{F329688A-BED9-4258-B690-4B420587C408}.Debug|Win32.ActiveCfg = Debug|Win32
		{F329688A-BED9-4258-B690-4B420587C408}.Debug|Win32.Build.0 = Debug|Win32
		{F329688A-BED9-4258-B690-4B420587C408}.Release|Win32.ActiveCfg = Release|Win32
		{F329688A-BED9-4258-B690-4B420587C408}.Release|Win32.Build.0 = Release|Win32
	EndGlobalSection
	GlobalSection(SolutionProperties) = preSolution
		HideSolutionNode = FALSE
	EndGlobalSection
EndGlobal
