<?xml version="1.0" encoding="utf-8"?>
<Project ToolsVersion="4.0" xmlns="http://schemas.microsoft.com/developer/msbuild/2003">
  <ItemGroup>
    <Filter Include="Source Files">
      <UniqueIdentifier>{b0392c47-d2be-4e4d-8f26-d9c600f438b2}</UniqueIdentifier>
      <Extensions>cpp;c;cxx;rc;def;r;odl;idl;hpj;bat</Extensions>
    </Filter>
    <Filter Include="Header Files">
      <UniqueIdentifier>{200114c4-4a54-498f-87a9-02505ae1b8f4}</UniqueIdentifier>
      <Extensions>h;hpp;hxx;hm;inl</Extensions>
    </Filter>
    <Filter Include="Resource Files">
      <UniqueIdentifier>{ed85e22b-8e70-42d4-b3dd-cbf7b30cbffb}</UniqueIdentifier>
      <Extensions>ico;cur;bmp;dlg;rc2;rct;bin;rgs;gif;jpg;jpeg;jpe</Extensions>
    </Filter>
  </ItemGroup>
  <ItemGroup>
    <ClCompile Include="ComputerGraphics.cpp">
      <Filter>Source Files</Filter>
    </ClCompile>
    <ClCompile Include="ComputerGraphicsDoc.cpp">
      <Filter>Source Files</Filter>
    </ClCompile>
    <ClCompile Include="ComputerGraphicsView.cpp">
      <Filter>Source Files</Filter>
    </ClCompile>
    <ClCompile Include="DlgBaseOperationHelp.cpp">
      <Filter>Source Files</Filter>
    </ClCompile>
    <ClCompile Include="DlgCartonSetting.cpp">
      <Filter>Source Files</Filter>
    </ClCompile>
    <ClCompile Include="DlgColorSetting.cpp">
      <Filter>Source Files</Filter>
    </ClCompile>
    <ClCompile Include="DlgGeoModCreateSetting.cpp">
      <Filter>Source Files</Filter>
    </ClCompile>
    <ClCompile Include="DlgGraphVarySetting.cpp">
      <Filter>Source Files</Filter>
    </ClCompile>
    <ClCompile Include="DlgInputBox.cpp">
      <Filter>Source Files</Filter>
    </ClCompile>
    <ClCompile Include="DlgLightSetting.cpp">
      <Filter>Source Files</Filter>
    </ClCompile>
    <ClCompile Include="DlgMaterialSetting.cpp">
      <Filter>Source Files</Filter>
    </ClCompile>
    <ClCompile Include="DlgOperationTips.cpp">
      <Filter>Source Files</Filter>
    </ClCompile>
    <ClCompile Include="DlgSizeSetting.cpp">
      <Filter>Source Files</Filter>
    </ClCompile>
    <ClCompile Include="GData.cpp">
      <Filter>Source Files</Filter>
    </ClCompile>
    <ClCompile Include="GGrating.cpp">
      <Filter>Source Files</Filter>
    </ClCompile>
    <ClCompile Include="GHideZBuffer.cpp">
      <Filter>Source Files</Filter>
    </ClCompile>
    <ClCompile Include="GLighting.cpp">
      <Filter>Source Files</Filter>
    </ClCompile>
    <ClCompile Include="GProjection.cpp">
      <Filter>Source Files</Filter>
    </ClCompile>
    <ClCompile Include="GStereo.cpp">
      <Filter>Source Files</Filter>
    </ClCompile>
    <ClCompile Include="GTMFile.cpp">
      <Filter>Source Files</Filter>
    </ClCompile>
    <ClCompile Include="GTranglelized.cpp">
      <Filter>Source Files</Filter>
    </ClCompile>
    <ClCompile Include="GVary.cpp">
      <Filter>Source Files</Filter>
    </ClCompile>
    <ClCompile Include="MainFrm.cpp">
      <Filter>Source Files</Filter>
    </ClCompile>
    <ClCompile Include="StdAfx.cpp">
      <Filter>Source Files</Filter>
    </ClCompile>
  </ItemGroup>
  <ItemGroup>
    <ResourceCompile Include="ComputerGraphics.rc">
      <Filter>Source Files</Filter>
    </ResourceCompile>
  </ItemGroup>
  <ItemGroup>
    <ClInclude Include="ComputerGraphics.h">
      <Filter>Header Files</Filter>
    </ClInclude>
    <ClInclude Include="ComputerGraphicsDoc.h">
      <Filter>Header Files</Filter>
    </ClInclude>
    <ClInclude Include="ComputerGraphicsView.h">
      <Filter>Header Files</Filter>
    </ClInclude>
    <ClInclude Include="DlgBaseOperationHelp.h">
      <Filter>Header Files</Filter>
    </ClInclude>
    <ClInclude Include="DlgCartonSetting.h">
      <Filter>Header Files</Filter>
    </ClInclude>
    <ClInclude Include="DlgColorSetting.h">
      <Filter>Header Files</Filter>
    </ClInclude>
    <ClInclude Include="DlgGeoModCreateSetting.h">
      <Filter>Header Files</Filter>
    </ClInclude>
    <ClInclude Include="DlgGraphVarySetting.h">
      <Filter>Header Files</Filter>
    </ClInclude>
    <ClInclude Include="DlgInputBox.h">
      <Filter>Header Files</Filter>
    </ClInclude>
    <ClInclude Include="DlgLightSetting.h">
      <Filter>Header Files</Filter>
    </ClInclude>
    <ClInclude Include="DlgMaterialSetting.h">
      <Filter>Header Files</Filter>
    </ClInclude>
    <ClInclude Include="DlgOperationTips.h">
      <Filter>Header Files</Filter>
    </ClInclude>
    <ClInclude Include="DlgSizeSetting.h">
      <Filter>Header Files</Filter>
    </ClInclude>
    <ClInclude Include="GData.h">
      <Filter>Header Files</Filter>
    </ClInclude>
    <ClInclude Include="GGrating.h">
      <Filter>Header Files</Filter>
    </ClInclude>
    <ClInclude Include="GHideZBuffer.h">
      <Filter>Header Files</Filter>
    </ClInclude>
    <ClInclude Include="GLighting.h">
      <Filter>Header Files</Filter>
    </ClInclude>
    <ClInclude Include="GProjection.h">
      <Filter>Header Files</Filter>
    </ClInclude>
    <ClInclude Include="GStereo.h">
      <Filter>Header Files</Filter>
    </ClInclude>
    <ClInclude Include="GTMFile.h">
      <Filter>Header Files</Filter>
    </ClInclude>
    <ClInclude Include="GTranglelized.h">
      <Filter>Header Files</Filter>
    </ClInclude>
    <ClInclude Include="GVary.h">
      <Filter>Header Files</Filter>
    </ClInclude>
    <ClInclude Include="MainFrm.h">
      <Filter>Header Files</Filter>
    </ClInclude>
    <ClInclude Include="Resource.h">
      <Filter>Header Files</Filter>
    </ClInclude>
    <ClInclude Include="StdAfx.h">
      <Filter>Header Files</Filter>
    </ClInclude>
  </ItemGroup>
  <ItemGroup>
    <Image Include="res\ComputerGraphics.ico">
      <Filter>Resource Files</Filter>
    </Image>
    <Image Include="res\ComputerGraphicsDoc.ico">
      <Filter>Resource Files</Filter>
    </Image>
    <Image Include="res\Toolbar.bmp">
      <Filter>Resource Files</Filter>
    </Image>
  </ItemGroup>
  <ItemGroup>
    <Text Include="ReadMe.txt" />
  </ItemGroup>
  <ItemGroup>
    <CustomBuild Include="res\ComputerGraphics.rc2">
      <Filter>Resource Files</Filter>
    </CustomBuild>
  </ItemGroup>
</Project>