
Microsoft Visual Studio Solution File, Format Version 12.00
# Visual Studio 2013
VisualStudioVersion = 12.0.21005.1
MinimumVisualStudioVersion = 10.0.40219.1
Project("{8BC9CEB8-8B4A-11D0-8D11-00A0C91BC942}") = "服务器端", "服务器端\服务器端.vcxproj", "{620783A6-1975-46A4-B4F3-EAA650935FB8}"
EndProject
Project("{8BC9CEB8-8B4A-11D0-8D11-00A0C91BC942}") = "客户端", "客户端\客户端.vcxproj", "{17F2B3A8-0E34-44A4-B8FF-718F5CAD0289}"
EndProject
Global
	GlobalSection(SolutionConfigurationPlatforms) = preSolution
		Debug|Win32 = Debug|Win32
		Release|Win32 = Release|Win32
	EndGlobalSection
	GlobalSection(ProjectConfigurationPlatforms) = postSolution
		{620783A6-1975-46A4-B4F3-EAA650935FB8}.Debug|Win32.ActiveCfg = Debug|Win32
		{620783A6-1975-46A4-B4F3-EAA650935FB8}.Debug|Win32.Build.0 = Debug|Win32
		{620783A6-1975-46A4-B4F3-EAA650935FB8}.Release|Win32.ActiveCfg = Release|Win32
		{620783A6-1975-46A4-B4F3-EAA650935FB8}.Release|Win32.Build.0 = Release|Win32
		{17F2B3A8-0E34-44A4-B8FF-718F5CAD0289}.Debug|Win32.ActiveCfg = Debug|Win32
		{17F2B3A8-0E34-44A4-B8FF-718F5CAD0289}.Debug|Win32.Build.0 = Debug|Win32
		{17F2B3A8-0E34-44A4-B8FF-718F5CAD0289}.Release|Win32.ActiveCfg = Release|Win32
		{17F2B3A8-0E34-44A4-B8FF-718F5CAD0289}.Release|Win32.Build.0 = Release|Win32
	EndGlobalSection
	GlobalSection(SolutionProperties) = preSolution
		HideSolutionNode = FALSE
	EndGlobalSection
EndGlobal
